
Microsoft Visual Studio Solution File, Format Version 12.00
# Visual Studio Version 17
VisualStudioVersion = 17.0.32112.339
MinimumVisualStudioVersion = 10.0.40219.1
Project("{9A19103F-16F7-4668-BE54-9A1E7A4F7556}") = "KafkaReaderServer", "KafkaReaderServer\KafkaReaderServer.csproj", "{C13BB1E1-6B78-4FB6-AAE0-39DBE6EF4D80}"
EndProject
Project("{FAE04EC0-301F-11D3-BF4B-00C04F79EFBC}") = "WebSocket", "WebSocket\WebSocket.csproj", "{CCFB45C9-4DA4-46B5-A3DB-8901ED8834ED}"
EndProject
Global
	GlobalSection(SolutionConfigurationPlatforms) = preSolution
		Debug|Any CPU = Debug|Any CPU
		Release|Any CPU = Release|Any CPU
	EndGlobalSection
	GlobalSection(ProjectConfigurationPlatforms) = postSolution
		{C13BB1E1-6B78-4FB6-AAE0-39DBE6EF4D80}.Debug|Any CPU.ActiveCfg = Debug|Any CPU
		{C13BB1E1-6B78-4FB6-AAE0-39DBE6EF4D80}.Debug|Any CPU.Build.0 = Debug|Any CPU
		{C13BB1E1-6B78-4FB6-AAE0-39DBE6EF4D80}.Release|Any CPU.ActiveCfg = Release|Any CPU
		{C13BB1E1-6B78-4FB6-AAE0-39DBE6EF4D80}.Release|Any CPU.Build.0 = Release|Any CPU
		{CCFB45C9-4DA4-46B5-A3DB-8901ED8834ED}.Debug|Any CPU.ActiveCfg = Debug|Any CPU
		{CCFB45C9-4DA4-46B5-A3DB-8901ED8834ED}.Debug|Any CPU.Build.0 = Debug|Any CPU
		{CCFB45C9-4DA4-46B5-A3DB-8901ED8834ED}.Release|Any CPU.ActiveCfg = Release|Any CPU
		{CCFB45C9-4DA4-46B5-A3DB-8901ED8834ED}.Release|Any CPU.Build.0 = Release|Any CPU
	EndGlobalSection
	GlobalSection(SolutionProperties) = preSolution
		HideSolutionNode = FALSE
	EndGlobalSection
	GlobalSection(ExtensibilityGlobals) = postSolution
		SolutionGuid = {06239F5C-8A9F-4B14-9DF0-F36152356F09}
	EndGlobalSection
EndGlobal
